
Microsoft Visual Studio Solution File, Format Version 12.00
# Visual Studio Version 17
VisualStudioVersion = 17.5.002.0
MinimumVisualStudioVersion = 10.0.40219.1
Project("{2150E333-8FDC-42A3-9474-1A3956D46DE8}") = "sandbox", "sandbox", "{74B51C80-E6BA-41F3-A643-B04E8C7E7FB5}"
EndProject
Project("{9A19103F-16F7-4668-BE54-9A1E7A4F7556}") = "sandbox_project", "sandbox\sandbox_project\sandbox_project.csproj", "{3A4EC017-5A72-410E-95A8-7BB81A454EF7}"
EndProject
Project("{2150E333-8FDC-42A3-9474-1A3956D46DE8}") = "week01", "week01", "{F7EB21AF-15FF-4657-9A9A-C54FAAD1E6DA}"
EndProject
Project("{9A19103F-16F7-4668-BE54-9A1E7A4F7556}") = "analyze", "week01\analyze\analyze.csproj", "{2989CBD1-D2B5-48C8-8A62-917D2E27DE94}"
EndProject
Project("{9A19103F-16F7-4668-BE54-9A1E7A4F7556}") = "code", "week01\code\code.csproj", "{01750AE8-1052-4F0B-8922-DAE53213E8AA}"
EndProject
Project("{9A19103F-16F7-4668-BE54-9A1E7A4F7556}") = "teach", "week01\teach\teach.csproj", "{A3F83A64-7525-4EF5-AB0C-7799B4044F96}"
EndProject
Project("{2150E333-8FDC-42A3-9474-1A3956D46DE8}") = "week02", "week02", "{DEF01817-5CAB-4AE4-A23E-4E0FFFC12A17}"
EndProject
Project("{9A19103F-16F7-4668-BE54-9A1E7A4F7556}") = "analyze", "week02\analyze\analyze.csproj", "{BCEB4755-B787-44F2-8D9D-9EEF5B28CB35}"
EndProject
Project("{9A19103F-16F7-4668-BE54-9A1E7A4F7556}") = "code", "week02\code\code.csproj", "{C72651CD-BEB1-4CBA-B3EC-EC48B68AFFA3}"
EndProject
Project("{9A19103F-16F7-4668-BE54-9A1E7A4F7556}") = "learn", "week02\learn\learn.csproj", "{26840150-8D69-4D07-8E2F-7814260D4FB2}"
EndProject
Project("{9A19103F-16F7-4668-BE54-9A1E7A4F7556}") = "teach", "week02\teach\teach.csproj", "{22AC658F-2F69-4207-8DA7-5E5E54A8A6A1}"
EndProject
Project("{2150E333-8FDC-42A3-9474-1A3956D46DE8}") = "week03", "week03", "{FDC06E56-840B-4938-BF8C-F436D683B2B0}"
EndProject
Project("{9A19103F-16F7-4668-BE54-9A1E7A4F7556}") = "code", "week03\code\code.csproj", "{DDA14704-0B66-4233-B8E5-8D6EF38D00D2}"
EndProject
Project("{9A19103F-16F7-4668-BE54-9A1E7A4F7556}") = "learn", "week03\learn\learn.csproj", "{F1BD25B2-5E0A-4269-8EA6-E660591929D7}"
EndProject
Project("{9A19103F-16F7-4668-BE54-9A1E7A4F7556}") = "teach", "week03\teach\teach.csproj", "{7B361E1E-CAC4-4381-A92B-F51D10F52F54}"
EndProject
Project("{2150E333-8FDC-42A3-9474-1A3956D46DE8}") = "week04", "week04", "{635FE5E3-5807-4757-B040-32512F7D6313}"
EndProject
Project("{9A19103F-16F7-4668-BE54-9A1E7A4F7556}") = "code", "week04\code\code.csproj", "{A29A78AA-16F6-46DA-8013-D778505AB572}"
EndProject
Project("{2150E333-8FDC-42A3-9474-1A3956D46DE8}") = "week05", "week05", "{44DD3766-0CA7-4723-84FF-24B7B9AED093}"
EndProject
Project("{9A19103F-16F7-4668-BE54-9A1E7A4F7556}") = "code", "week05\code\code.csproj", "{08FB20EA-4276-4D38-A4D1-0AD631B6ECF8}"
EndProject
Project("{2150E333-8FDC-42A3-9474-1A3956D46DE8}") = "week06", "week06", "{65F1D94E-2B38-4DF7-AC92-7B5231A5672B}"
EndProject
Project("{9A19103F-16F7-4668-BE54-9A1E7A4F7556}") = "code", "week06\code\code.csproj", "{14A8160E-486A-4831-B45C-D27DCDD189C9}"
EndProject
Global
	GlobalSection(SolutionConfigurationPlatforms) = preSolution
		Debug|Any CPU = Debug|Any CPU
		Release|Any CPU = Release|Any CPU
	EndGlobalSection
	GlobalSection(ProjectConfigurationPlatforms) = postSolution
		{3A4EC017-5A72-410E-95A8-7BB81A454EF7}.Debug|Any CPU.ActiveCfg = Debug|Any CPU
		{3A4EC017-5A72-410E-95A8-7BB81A454EF7}.Debug|Any CPU.Build.0 = Debug|Any CPU
		{3A4EC017-5A72-410E-95A8-7BB81A454EF7}.Release|Any CPU.ActiveCfg = Release|Any CPU
		{3A4EC017-5A72-410E-95A8-7BB81A454EF7}.Release|Any CPU.Build.0 = Release|Any CPU
		{2989CBD1-D2B5-48C8-8A62-917D2E27DE94}.Debug|Any CPU.ActiveCfg = Debug|Any CPU
		{2989CBD1-D2B5-48C8-8A62-917D2E27DE94}.Debug|Any CPU.Build.0 = Debug|Any CPU
		{2989CBD1-D2B5-48C8-8A62-917D2E27DE94}.Release|Any CPU.ActiveCfg = Release|Any CPU
		{2989CBD1-D2B5-48C8-8A62-917D2E27DE94}.Release|Any CPU.Build.0 = Release|Any CPU
		{01750AE8-1052-4F0B-8922-DAE53213E8AA}.Debug|Any CPU.ActiveCfg = Debug|Any CPU
		{01750AE8-1052-4F0B-8922-DAE53213E8AA}.Debug|Any CPU.Build.0 = Debug|Any CPU
		{01750AE8-1052-4F0B-8922-DAE53213E8AA}.Release|Any CPU.ActiveCfg = Release|Any CPU
		{01750AE8-1052-4F0B-8922-DAE53213E8AA}.Release|Any CPU.Build.0 = Release|Any CPU
		{A3F83A64-7525-4EF5-AB0C-7799B4044F96}.Debug|Any CPU.ActiveCfg = Debug|Any CPU
		{A3F83A64-7525-4EF5-AB0C-7799B4044F96}.Debug|Any CPU.Build.0 = Debug|Any CPU
		{A3F83A64-7525-4EF5-AB0C-7799B4044F96}.Release|Any CPU.ActiveCfg = Release|Any CPU
		{A3F83A64-7525-4EF5-AB0C-7799B4044F96}.Release|Any CPU.Build.0 = Release|Any CPU
		{BCEB4755-B787-44F2-8D9D-9EEF5B28CB35}.Debug|Any CPU.ActiveCfg = Debug|Any CPU
		{BCEB4755-B787-44F2-8D9D-9EEF5B28CB35}.Debug|Any CPU.Build.0 = Debug|Any CPU
		{BCEB4755-B787-44F2-8D9D-9EEF5B28CB35}.Release|Any CPU.ActiveCfg = Release|Any CPU
		{BCEB4755-B787-44F2-8D9D-9EEF5B28CB35}.Release|Any CPU.Build.0 = Release|Any CPU
		{C72651CD-BEB1-4CBA-B3EC-EC48B68AFFA3}.Debug|Any CPU.ActiveCfg = Debug|Any CPU
		{C72651CD-BEB1-4CBA-B3EC-EC48B68AFFA3}.Debug|Any CPU.Build.0 = Debug|Any CPU
		{C72651CD-BEB1-4CBA-B3EC-EC48B68AFFA3}.Release|Any CPU.ActiveCfg = Release|Any CPU
		{C72651CD-BEB1-4CBA-B3EC-EC48B68AFFA3}.Release|Any CPU.Build.0 = Release|Any CPU
		{26840150-8D69-4D07-8E2F-7814260D4FB2}.Debug|Any CPU.ActiveCfg = Debug|Any CPU
		{26840150-8D69-4D07-8E2F-7814260D4FB2}.Debug|Any CPU.Build.0 = Debug|Any CPU
		{26840150-8D69-4D07-8E2F-7814260D4FB2}.Release|Any CPU.ActiveCfg = Release|Any CPU
		{26840150-8D69-4D07-8E2F-7814260D4FB2}.Release|Any CPU.Build.0 = Release|Any CPU
		{22AC658F-2F69-4207-8DA7-5E5E54A8A6A1}.Debug|Any CPU.ActiveCfg = Debug|Any CPU
		{22AC658F-2F69-4207-8DA7-5E5E54A8A6A1}.Debug|Any CPU.Build.0 = Debug|Any CPU
		{22AC658F-2F69-4207-8DA7-5E5E54A8A6A1}.Release|Any CPU.ActiveCfg = Release|Any CPU
		{22AC658F-2F69-4207-8DA7-5E5E54A8A6A1}.Release|Any CPU.Build.0 = Release|Any CPU
		{DDA14704-0B66-4233-B8E5-8D6EF38D00D2}.Debug|Any CPU.ActiveCfg = Debug|Any CPU
		{DDA14704-0B66-4233-B8E5-8D6EF38D00D2}.Debug|Any CPU.Build.0 = Debug|Any CPU
		{DDA14704-0B66-4233-B8E5-8D6EF38D00D2}.Release|Any CPU.ActiveCfg = Release|Any CPU
		{DDA14704-0B66-4233-B8E5-8D6EF38D00D2}.Release|Any CPU.Build.0 = Release|Any CPU
		{F1BD25B2-5E0A-4269-8EA6-E660591929D7}.Debug|Any CPU.ActiveCfg = Debug|Any CPU
		{F1BD25B2-5E0A-4269-8EA6-E660591929D7}.Debug|Any CPU.Build.0 = Debug|Any CPU
		{F1BD25B2-5E0A-4269-8EA6-E660591929D7}.Release|Any CPU.ActiveCfg = Release|Any CPU
		{F1BD25B2-5E0A-4269-8EA6-E660591929D7}.Release|Any CPU.Build.0 = Release|Any CPU
		{7B361E1E-CAC4-4381-A92B-F51D10F52F54}.Debug|Any CPU.ActiveCfg = Debug|Any CPU
		{7B361E1E-CAC4-4381-A92B-F51D10F52F54}.Debug|Any CPU.Build.0 = Debug|Any CPU
		{7B361E1E-CAC4-4381-A92B-F51D10F52F54}.Release|Any CPU.ActiveCfg = Release|Any CPU
		{7B361E1E-CAC4-4381-A92B-F51D10F52F54}.Release|Any CPU.Build.0 = Release|Any CPU
		{A29A78AA-16F6-46DA-8013-D778505AB572}.Debug|Any CPU.ActiveCfg = Debug|Any CPU
		{A29A78AA-16F6-46DA-8013-D778505AB572}.Debug|Any CPU.Build.0 = Debug|Any CPU
		{A29A78AA-16F6-46DA-8013-D778505AB572}.Release|Any CPU.ActiveCfg = Release|Any CPU
		{A29A78AA-16F6-46DA-8013-D778505AB572}.Release|Any CPU.Build.0 = Release|Any CPU
		{08FB20EA-4276-4D38-A4D1-0AD631B6ECF8}.Debug|Any CPU.ActiveCfg = Debug|Any CPU
		{08FB20EA-4276-4D38-A4D1-0AD631B6ECF8}.Debug|Any CPU.Build.0 = Debug|Any CPU
		{08FB20EA-4276-4D38-A4D1-0AD631B6ECF8}.Release|Any CPU.ActiveCfg = Release|Any CPU
		{08FB20EA-4276-4D38-A4D1-0AD631B6ECF8}.Release|Any CPU.Build.0 = Release|Any CPU
		{14A8160E-486A-4831-B45C-D27DCDD189C9}.Debug|Any CPU.ActiveCfg = Debug|Any CPU
		{14A8160E-486A-4831-B45C-D27DCDD189C9}.Debug|Any CPU.Build.0 = Debug|Any CPU
		{14A8160E-486A-4831-B45C-D27DCDD189C9}.Release|Any CPU.ActiveCfg = Release|Any CPU
		{14A8160E-486A-4831-B45C-D27DCDD189C9}.Release|Any CPU.Build.0 = Release|Any CPU
	EndGlobalSection
	GlobalSection(SolutionProperties) = preSolution
		HideSolutionNode = FALSE
	EndGlobalSection
	GlobalSection(NestedProjects) = preSolution
		{3A4EC017-5A72-410E-95A8-7BB81A454EF7} = {74B51C80-E6BA-41F3-A643-B04E8C7E7FB5}
		{2989CBD1-D2B5-48C8-8A62-917D2E27DE94} = {F7EB21AF-15FF-4657-9A9A-C54FAAD1E6DA}
		{01750AE8-1052-4F0B-8922-DAE53213E8AA} = {F7EB21AF-15FF-4657-9A9A-C54FAAD1E6DA}
		{A3F83A64-7525-4EF5-AB0C-7799B4044F96} = {F7EB21AF-15FF-4657-9A9A-C54FAAD1E6DA}
		{BCEB4755-B787-44F2-8D9D-9EEF5B28CB35} = {DEF01817-5CAB-4AE4-A23E-4E0FFFC12A17}
		{C72651CD-BEB1-4CBA-B3EC-EC48B68AFFA3} = {DEF01817-5CAB-4AE4-A23E-4E0FFFC12A17}
		{26840150-8D69-4D07-8E2F-7814260D4FB2} = {DEF01817-5CAB-4AE4-A23E-4E0FFFC12A17}
		{22AC658F-2F69-4207-8DA7-5E5E54A8A6A1} = {DEF01817-5CAB-4AE4-A23E-4E0FFFC12A17}
		{DDA14704-0B66-4233-B8E5-8D6EF38D00D2} = {FDC06E56-840B-4938-BF8C-F436D683B2B0}
		{F1BD25B2-5E0A-4269-8EA6-E660591929D7} = {FDC06E56-840B-4938-BF8C-F436D683B2B0}
		{7B361E1E-CAC4-4381-A92B-F51D10F52F54} = {FDC06E56-840B-4938-BF8C-F436D683B2B0}
		{A29A78AA-16F6-46DA-8013-D778505AB572} = {635FE5E3-5807-4757-B040-32512F7D6313}
		{08FB20EA-4276-4D38-A4D1-0AD631B6ECF8} = {44DD3766-0CA7-4723-84FF-24B7B9AED093}
		{14A8160E-486A-4831-B45C-D27DCDD189C9} = {65F1D94E-2B38-4DF7-AC92-7B5231A5672B}
	EndGlobalSection
	GlobalSection(ExtensibilityGlobals) = postSolution
		SolutionGuid = {5D100BD2-98D9-4920-8FEC-9ACC7A3C2889}
	EndGlobalSection
EndGlobal
